
Microsoft Visual Studio Solution File, Format Version 12.00
Project("{FAE04EC0-301F-11D3-BF4B-00C04F79EFBC}") = "MyDVExtension.Server", "ServerExtension\MyDVExtension.Server.csproj", "{278DA8DE-057F-41D2-9476-12DA0D5F3BF4}"
EndProject
Global
	GlobalSection(SolutionConfigurationPlatforms) = preSolution
		Debug|Any CPU = Debug|Any CPU
		Release|Any CPU = Release|Any CPU
	EndGlobalSection
	GlobalSection(ProjectConfigurationPlatforms) = postSolution
		{278DA8DE-057F-41D2-9476-12DA0D5F3BF4}.Debug|Any CPU.ActiveCfg = Debug|Any CPU
		{278DA8DE-057F-41D2-9476-12DA0D5F3BF4}.Debug|Any CPU.Build.0 = Debug|Any CPU
		{278DA8DE-057F-41D2-9476-12DA0D5F3BF4}.Release|Any CPU.ActiveCfg = Release|Any CPU
		{278DA8DE-057F-41D2-9476-12DA0D5F3BF4}.Release|Any CPU.Build.0 = Release|Any CPU
	EndGlobalSection
EndGlobal
